
Microsoft Visual Studio Solution File, Format Version 12.00
# Visual Studio Version 17
VisualStudioVersion = 17.11.35327.3
MinimumVisualStudioVersion = 10.0.40219.1
Project("{FAE04EC0-301F-11D3-BF4B-00C04F79EFBC}") = "MapleCustom_Launcher", "Launcher_2016\MapleCustom_Launcher.csproj", "{97A9BB75-F4D3-4332-BD95-80349CAA76E6}"
EndProject
Project("{FAE04EC0-301F-11D3-BF4B-00C04F79EFBC}") = "CalculateHash", "CalculateHash_Origins\CalculateHash.csproj", "{A682C985-9AAA-47A8-A28F-453D4283E344}"
EndProject
Global
	GlobalSection(SolutionConfigurationPlatforms) = preSolution
		Debug|Any CPU = Debug|Any CPU
		Debug|x64 = Debug|x64
		Debug|x86 = Debug|x86
		Release|Any CPU = Release|Any CPU
		Release|x64 = Release|x64
		Release|x86 = Release|x86
	EndGlobalSection
	GlobalSection(ProjectConfigurationPlatforms) = postSolution
		{97A9BB75-F4D3-4332-BD95-80349CAA76E6}.Debug|Any CPU.ActiveCfg = Release|x64
		{97A9BB75-F4D3-4332-BD95-80349CAA76E6}.Debug|Any CPU.Build.0 = Release|x64
		{97A9BB75-F4D3-4332-BD95-80349CAA76E6}.Debug|x64.ActiveCfg = Debug|x64
		{97A9BB75-F4D3-4332-BD95-80349CAA76E6}.Debug|x64.Build.0 = Debug|x64
		{97A9BB75-F4D3-4332-BD95-80349CAA76E6}.Debug|x86.ActiveCfg = Debug|x86
		{97A9BB75-F4D3-4332-BD95-80349CAA76E6}.Debug|x86.Build.0 = Debug|x86
		{97A9BB75-F4D3-4332-BD95-80349CAA76E6}.Release|Any CPU.ActiveCfg = Release|Any CPU
		{97A9BB75-F4D3-4332-BD95-80349CAA76E6}.Release|Any CPU.Build.0 = Release|Any CPU
		{97A9BB75-F4D3-4332-BD95-80349CAA76E6}.Release|x64.ActiveCfg = Release|x64
		{97A9BB75-F4D3-4332-BD95-80349CAA76E6}.Release|x64.Build.0 = Release|x64
		{97A9BB75-F4D3-4332-BD95-80349CAA76E6}.Release|x86.ActiveCfg = Release|Any CPU
		{97A9BB75-F4D3-4332-BD95-80349CAA76E6}.Release|x86.Build.0 = Release|Any CPU
		{A682C985-9AAA-47A8-A28F-453D4283E344}.Debug|Any CPU.ActiveCfg = Debug|Any CPU
		{A682C985-9AAA-47A8-A28F-453D4283E344}.Debug|Any CPU.Build.0 = Debug|Any CPU
		{A682C985-9AAA-47A8-A28F-453D4283E344}.Debug|x64.ActiveCfg = Debug|Any CPU
		{A682C985-9AAA-47A8-A28F-453D4283E344}.Debug|x64.Build.0 = Debug|Any CPU
		{A682C985-9AAA-47A8-A28F-453D4283E344}.Debug|x86.ActiveCfg = Debug|Any CPU
		{A682C985-9AAA-47A8-A28F-453D4283E344}.Debug|x86.Build.0 = Debug|Any CPU
		{A682C985-9AAA-47A8-A28F-453D4283E344}.Release|Any CPU.ActiveCfg = Release|Any CPU
		{A682C985-9AAA-47A8-A28F-453D4283E344}.Release|Any CPU.Build.0 = Release|Any CPU
		{A682C985-9AAA-47A8-A28F-453D4283E344}.Release|x64.ActiveCfg = Debug|Any CPU
		{A682C985-9AAA-47A8-A28F-453D4283E344}.Release|x64.Build.0 = Debug|Any CPU
		{A682C985-9AAA-47A8-A28F-453D4283E344}.Release|x86.ActiveCfg = Debug|Any CPU
		{A682C985-9AAA-47A8-A28F-453D4283E344}.Release|x86.Build.0 = Debug|Any CPU
	EndGlobalSection
	GlobalSection(SolutionProperties) = preSolution
		HideSolutionNode = FALSE
	EndGlobalSection
	GlobalSection(ExtensibilityGlobals) = postSolution
		SolutionGuid = {5CA505F7-3366-402E-BF22-E6241A655119}
	EndGlobalSection
EndGlobal
